
Microsoft Visual Studio Solution File, Format Version 12.00
# Visual Studio 15
VisualStudioVersion = 15.0.27004.2002
MinimumVisualStudioVersion = 10.0.40219.1
Project("{FAE04EC0-301F-11D3-BF4B-00C04F79EFBC}") = "no u", "no u\no u.csproj", "{903C80A6-1B5E-4E84-9550-ECEA7E5C0C69}"
EndProject
Global
	GlobalSection(SolutionConfigurationPlatforms) = preSolution
		Debug|Any CPU = Debug|Any CPU
		Release|Any CPU = Release|Any CPU
	EndGlobalSection
	GlobalSection(ProjectConfigurationPlatforms) = postSolution
		{903C80A6-1B5E-4E84-9550-ECEA7E5C0C69}.Debug|Any CPU.ActiveCfg = Debug|Any CPU
		{903C80A6-1B5E-4E84-9550-ECEA7E5C0C69}.Debug|Any CPU.Build.0 = Debug|Any CPU
		{903C80A6-1B5E-4E84-9550-ECEA7E5C0C69}.Release|Any CPU.ActiveCfg = Release|Any CPU
		{903C80A6-1B5E-4E84-9550-ECEA7E5C0C69}.Release|Any CPU.Build.0 = Release|Any CPU
	EndGlobalSection
	GlobalSection(SolutionProperties) = preSolution
		HideSolutionNode = FALSE
	EndGlobalSection
	GlobalSection(ExtensibilityGlobals) = postSolution
		SolutionGuid = {B592DBA7-6D7A-4A06-9A9E-37A721CA30D9}
	EndGlobalSection
EndGlobal
